PODS:
  - Statsig (1.21.0):
    - Statsig/StatsigInternalObjC (= 1.21.0)
  - Statsig/StatsigInternalObjC (1.21.0)

DEPENDENCIES:
  - Statsig (~> 1.21.0)

SPEC REPOS:
  trunk:
    - Statsig

SPEC CHECKSUMS:
  Statsig: 231d333880e248f7d1f9e6d1d407b829d7ff3fed

PODFILE CHECKSUM: 742ab30d8dd42a265933fe34ecfdd0dbce08dbd1

COCOAPODS: 1.11.3
